{
  "version": 4,
  "terraform_version": "1.10.5",
  "serial": 4,
  "lineage": "3fc2bbd1-a25d-2096-3d25-0a78861472ed",
  "outputs": {
    "acr_name": {
      "value": "hotel404ContainerRegistry",
      "type": "string"
    },
    "aks_cluster_name": {
      "value": "hotel404AKSCluster",
      "type": "string"
    },
    "kubernetes_cluster_name": {
      "value": "hotel404AKSCluster",
      "type": "string"
    }
  },
  "resources": [
    {
      "mode": "managed",
      "type": "azurerm_resource_group",
      "name": "rg",
      "provider": "provider[\"registry.terraform.io/hashicorp/azurerm\"]",
      "instances": [
        {
          "schema_version": 0,
          "attributes": {
            "id": "/subscriptions/6efb6995-4890-4049-80a9-5e146a4b54cf/resourceGroups/hotel404ResourceGroup",
            "location": "swedencentral",
            "managed_by": "",
            "name": "hotel404ResourceGroup",
            "tags": null,
            "timeouts": null
          },
          "sensitive_attributes": [],
          "private": "eyJlMmJmYjczMC1lY2FhLTExZTYtOGY4OC0zNDM2M2JjN2M0YzAiOnsiY3JlYXRlIjo1NDAwMDAwMDAwMDAwLCJkZWxldGUiOjU0MDAwMDAwMDAwMDAsInJlYWQiOjMwMDAwMDAwMDAwMCwidXBkYXRlIjo1NDAwMDAwMDAwMDAwfX0="
        }
      ]
    }
  ],
  "check_results": null
}
